
Microsoft Visual Studio Solution File, Format Version 12.00
# Visual Studio Version 17
VisualStudioVersion = 17.3.32819.101
MinimumVisualStudioVersion = 10.0.40219.1
Project("{8BC9CEB8-8B4A-11D0-8D11-00A0C91BC942}") = "Cap2Ex1", "Cap2Ex1\Cap2Ex1.vcxproj", "{DE934E68-D15F-4251-B9D9-D86A5C6B08A1}"
EndProject
Project("{8BC9CEB8-8B4A-11D0-8D11-00A0C91BC942}") = "Cap2Ex2", "Cap2Ex2\Cap2Ex2.vcxproj", "{1B8D8923-2E5F-4106-B3DD-AB6A86CCE3C3}"
EndProject
Project("{8BC9CEB8-8B4A-11D0-8D11-00A0C91BC942}") = "Cap2Ex3", "Cap2Ex3\Cap2Ex3.vcxproj", "{EEC9DA9A-6C30-4B36-AA60-84D4EA9B59B5}"
EndProject
Project("{8BC9CEB8-8B4A-11D0-8D11-00A0C91BC942}") = "Cap2Ex4", "Cap2Ex4\Cap2Ex4.vcxproj", "{194118D8-D6FC-413A-99D4-391B0FF7BDDD}"
EndProject
Project("{8BC9CEB8-8B4A-11D0-8D11-00A0C91BC942}") = "Cap2Ex5", "Cap2Ex5\Cap2Ex5.vcxproj", "{A81D446F-8459-4C78-9D22-E3F3EFB1699F}"
EndProject
Project("{8BC9CEB8-8B4A-11D0-8D11-00A0C91BC942}") = "Cap2Ex6", "Cap2Ex6\Cap2Ex6.vcxproj", "{BA017AA7-D30D-4F81-A93D-F962207C4C74}"
EndProject
Project("{8BC9CEB8-8B4A-11D0-8D11-00A0C91BC942}") = "Cap2Ex7", "Cap2Ex7\Cap2Ex7.vcxproj", "{6AFFB3BB-85CC-4E69-987C-438129BB9DC3}"
EndProject
Project("{8BC9CEB8-8B4A-11D0-8D11-00A0C91BC942}") = "Cap3Ex3", "Cap3Ex3\Cap3Ex3.vcxproj", "{12476CE2-2848-415B-9C0C-7DF05B837C8B}"
EndProject
Project("{8BC9CEB8-8B4A-11D0-8D11-00A0C91BC942}") = "Cap3Ex4", "Cap3Ex4\Cap3Ex4.vcxproj", "{DE0ABD82-70EB-498A-879B-6CA6A1DD6FAA}"
EndProject
Project("{8BC9CEB8-8B4A-11D0-8D11-00A0C91BC942}") = "Cap3Ex5", "Cap3Ex5\Cap3Ex5.vcxproj", "{5182CB1C-4B40-4BFA-B30C-8AC5A14E1C4C}"
EndProject
Project("{8BC9CEB8-8B4A-11D0-8D11-00A0C91BC942}") = "Cap3Ex6", "Cap3Ex6\Cap3Ex6.vcxproj", "{5214B2D2-FEF6-4C6D-92C4-30821DA6F4B6}"
EndProject
Project("{8BC9CEB8-8B4A-11D0-8D11-00A0C91BC942}") = "Cap3Ex7", "Cap3Ex7\Cap3Ex7.vcxproj", "{056E8E07-1CE6-409F-8BF3-0A4ED95C264D}"
EndProject
Project("{8BC9CEB8-8B4A-11D0-8D11-00A0C91BC942}") = "Cap3Ex8", "Cap3Ex8\Cap3Ex8.vcxproj", "{217E014D-CFC0-460E-911C-A15850B11DDE}"
EndProject
Global
	GlobalSection(SolutionConfigurationPlatforms) = preSolution
		Debug|x64 = Debug|x64
		Debug|x86 = Debug|x86
		Release|x64 = Release|x64
		Release|x86 = Release|x86
	EndGlobalSection
	GlobalSection(ProjectConfigurationPlatforms) = postSolution
		{DE934E68-D15F-4251-B9D9-D86A5C6B08A1}.Debug|x64.ActiveCfg = Debug|x64
		{DE934E68-D15F-4251-B9D9-D86A5C6B08A1}.Debug|x64.Build.0 = Debug|x64
		{DE934E68-D15F-4251-B9D9-D86A5C6B08A1}.Debug|x86.ActiveCfg = Debug|Win32
		{DE934E68-D15F-4251-B9D9-D86A5C6B08A1}.Debug|x86.Build.0 = Debug|Win32
		{DE934E68-D15F-4251-B9D9-D86A5C6B08A1}.Release|x64.ActiveCfg = Release|x64
		{DE934E68-D15F-4251-B9D9-D86A5C6B08A1}.Release|x64.Build.0 = Release|x64
		{DE934E68-D15F-4251-B9D9-D86A5C6B08A1}.Release|x86.ActiveCfg = Release|Win32
		{DE934E68-D15F-4251-B9D9-D86A5C6B08A1}.Release|x86.Build.0 = Release|Win32
		{1B8D8923-2E5F-4106-B3DD-AB6A86CCE3C3}.Debug|x64.ActiveCfg = Debug|x64
		{1B8D8923-2E5F-4106-B3DD-AB6A86CCE3C3}.Debug|x64.Build.0 = Debug|x64
		{1B8D8923-2E5F-4106-B3DD-AB6A86CCE3C3}.Debug|x86.ActiveCfg = Debug|Win32
		{1B8D8923-2E5F-4106-B3DD-AB6A86CCE3C3}.Debug|x86.Build.0 = Debug|Win32
		{1B8D8923-2E5F-4106-B3DD-AB6A86CCE3C3}.Release|x64.ActiveCfg = Release|x64
		{1B8D8923-2E5F-4106-B3DD-AB6A86CCE3C3}.Release|x64.Build.0 = Release|x64
		{1B8D8923-2E5F-4106-B3DD-AB6A86CCE3C3}.Release|x86.ActiveCfg = Release|Win32
		{1B8D8923-2E5F-4106-B3DD-AB6A86CCE3C3}.Release|x86.Build.0 = Release|Win32
		{EEC9DA9A-6C30-4B36-AA60-84D4EA9B59B5}.Debug|x64.ActiveCfg = Debug|x64
		{EEC9DA9A-6C30-4B36-AA60-84D4EA9B59B5}.Debug|x64.Build.0 = Debug|x64
		{EEC9DA9A-6C30-4B36-AA60-84D4EA9B59B5}.Debug|x86.ActiveCfg = Debug|Win32
		{EEC9DA9A-6C30-4B36-AA60-84D4EA9B59B5}.Debug|x86.Build.0 = Debug|Win32
		{EEC9DA9A-6C30-4B36-AA60-84D4EA9B59B5}.Release|x64.ActiveCfg = Release|x64
		{EEC9DA9A-6C30-4B36-AA60-84D4EA9B59B5}.Release|x64.Build.0 = Release|x64
		{EEC9DA9A-6C30-4B36-AA60-84D4EA9B59B5}.Release|x86.ActiveCfg = Release|Win32
		{EEC9DA9A-6C30-4B36-AA60-84D4EA9B59B5}.Release|x86.Build.0 = Release|Win32
		{194118D8-D6FC-413A-99D4-391B0FF7BDDD}.Debug|x64.ActiveCfg = Debug|x64
		{194118D8-D6FC-413A-99D4-391B0FF7BDDD}.Debug|x64.Build.0 = Debug|x64
		{194118D8-D6FC-413A-99D4-391B0FF7BDDD}.Debug|x86.ActiveCfg = Debug|Win32
		{194118D8-D6FC-413A-99D4-391B0FF7BDDD}.Debug|x86.Build.0 = Debug|Win32
		{194118D8-D6FC-413A-99D4-391B0FF7BDDD}.Release|x64.ActiveCfg = Release|x64
		{194118D8-D6FC-413A-99D4-391B0FF7BDDD}.Release|x64.Build.0 = Release|x64
		{194118D8-D6FC-413A-99D4-391B0FF7BDDD}.Release|x86.ActiveCfg = Release|Win32
		{194118D8-D6FC-413A-99D4-391B0FF7BDDD}.Release|x86.Build.0 = Release|Win32
		{A81D446F-8459-4C78-9D22-E3F3EFB1699F}.Debug|x64.ActiveCfg = Debug|x64
		{A81D446F-8459-4C78-9D22-E3F3EFB1699F}.Debug|x64.Build.0 = Debug|x64
		{A81D446F-8459-4C78-9D22-E3F3EFB1699F}.Debug|x86.ActiveCfg = Debug|Win32
		{A81D446F-8459-4C78-9D22-E3F3EFB1699F}.Debug|x86.Build.0 = Debug|Win32
		{A81D446F-8459-4C78-9D22-E3F3EFB1699F}.Release|x64.ActiveCfg = Release|x64
		{A81D446F-8459-4C78-9D22-E3F3EFB1699F}.Release|x64.Build.0 = Release|x64
		{A81D446F-8459-4C78-9D22-E3F3EFB1699F}.Release|x86.ActiveCfg = Release|Win32
		{A81D446F-8459-4C78-9D22-E3F3EFB1699F}.Release|x86.Build.0 = Release|Win32
		{BA017AA7-D30D-4F81-A93D-F962207C4C74}.Debug|x64.ActiveCfg = Debug|x64
		{BA017AA7-D30D-4F81-A93D-F962207C4C74}.Debug|x64.Build.0 = Debug|x64
		{BA017AA7-D30D-4F81-A93D-F962207C4C74}.Debug|x86.ActiveCfg = Debug|Win32
		{BA017AA7-D30D-4F81-A93D-F962207C4C74}.Debug|x86.Build.0 = Debug|Win32
		{BA017AA7-D30D-4F81-A93D-F962207C4C74}.Release|x64.ActiveCfg = Release|x64
		{BA017AA7-D30D-4F81-A93D-F962207C4C74}.Release|x64.Build.0 = Release|x64
		{BA017AA7-D30D-4F81-A93D-F962207C4C74}.Release|x86.ActiveCfg = Release|Win32
		{BA017AA7-D30D-4F81-A93D-F962207C4C74}.Release|x86.Build.0 = Release|Win32
		{6AFFB3BB-85CC-4E69-987C-438129BB9DC3}.Debug|x64.ActiveCfg = Debug|x64
		{6AFFB3BB-85CC-4E69-987C-438129BB9DC3}.Debug|x64.Build.0 = Debug|x64
		{6AFFB3BB-85CC-4E69-987C-438129BB9DC3}.Debug|x86.ActiveCfg = Debug|Win32
		{6AFFB3BB-85CC-4E69-987C-438129BB9DC3}.Debug|x86.Build.0 = Debug|Win32
		{6AFFB3BB-85CC-4E69-987C-438129BB9DC3}.Release|x64.ActiveCfg = Release|x64
		{6AFFB3BB-85CC-4E69-987C-438129BB9DC3}.Release|x64.Build.0 = Release|x64
		{6AFFB3BB-85CC-4E69-987C-438129BB9DC3}.Release|x86.ActiveCfg = Release|Win32
		{6AFFB3BB-85CC-4E69-987C-438129BB9DC3}.Release|x86.Build.0 = Release|Win32
		{12476CE2-2848-415B-9C0C-7DF05B837C8B}.Debug|x64.ActiveCfg = Debug|x64
		{12476CE2-2848-415B-9C0C-7DF05B837C8B}.Debug|x64.Build.0 = Debug|x64
		{12476CE2-2848-415B-9C0C-7DF05B837C8B}.Debug|x86.ActiveCfg = Debug|Win32
		{12476CE2-2848-415B-9C0C-7DF05B837C8B}.Debug|x86.Build.0 = Debug|Win32
		{12476CE2-2848-415B-9C0C-7DF05B837C8B}.Release|x64.ActiveCfg = Release|x64
		{12476CE2-2848-415B-9C0C-7DF05B837C8B}.Release|x64.Build.0 = Release|x64
		{12476CE2-2848-415B-9C0C-7DF05B837C8B}.Release|x86.ActiveCfg = Release|Win32
		{12476CE2-2848-415B-9C0C-7DF05B837C8B}.Release|x86.Build.0 = Release|Win32
		{DE0ABD82-70EB-498A-879B-6CA6A1DD6FAA}.Debug|x64.ActiveCfg = Debug|x64
		{DE0ABD82-70EB-498A-879B-6CA6A1DD6FAA}.Debug|x64.Build.0 = Debug|x64
		{DE0ABD82-70EB-498A-879B-6CA6A1DD6FAA}.Debug|x86.ActiveCfg = Debug|Win32
		{DE0ABD82-70EB-498A-879B-6CA6A1DD6FAA}.Debug|x86.Build.0 = Debug|Win32
		{DE0ABD82-70EB-498A-879B-6CA6A1DD6FAA}.Release|x64.ActiveCfg = Release|x64
		{DE0ABD82-70EB-498A-879B-6CA6A1DD6FAA}.Release|x64.Build.0 = Release|x64
		{DE0ABD82-70EB-498A-879B-6CA6A1DD6FAA}.Release|x86.ActiveCfg = Release|Win32
		{DE0ABD82-70EB-498A-879B-6CA6A1DD6FAA}.Release|x86.Build.0 = Release|Win32
		{5182CB1C-4B40-4BFA-B30C-8AC5A14E1C4C}.Debug|x64.ActiveCfg = Debug|x64
		{5182CB1C-4B40-4BFA-B30C-8AC5A14E1C4C}.Debug|x64.Build.0 = Debug|x64
		{5182CB1C-4B40-4BFA-B30C-8AC5A14E1C4C}.Debug|x86.ActiveCfg = Debug|Win32
		{5182CB1C-4B40-4BFA-B30C-8AC5A14E1C4C}.Debug|x86.Build.0 = Debug|Win32
		{5182CB1C-4B40-4BFA-B30C-8AC5A14E1C4C}.Release|x64.ActiveCfg = Release|x64
		{5182CB1C-4B40-4BFA-B30C-8AC5A14E1C4C}.Release|x64.Build.0 = Release|x64
		{5182CB1C-4B40-4BFA-B30C-8AC5A14E1C4C}.Release|x86.ActiveCfg = Release|Win32
		{5182CB1C-4B40-4BFA-B30C-8AC5A14E1C4C}.Release|x86.Build.0 = Release|Win32
		{5214B2D2-FEF6-4C6D-92C4-30821DA6F4B6}.Debug|x64.ActiveCfg = Debug|x64
		{5214B2D2-FEF6-4C6D-92C4-30821DA6F4B6}.Debug|x64.Build.0 = Debug|x64
		{5214B2D2-FEF6-4C6D-92C4-30821DA6F4B6}.Debug|x86.ActiveCfg = Debug|Win32
		{5214B2D2-FEF6-4C6D-92C4-30821DA6F4B6}.Debug|x86.Build.0 = Debug|Win32
		{5214B2D2-FEF6-4C6D-92C4-30821DA6F4B6}.Release|x64.ActiveCfg = Release|x64
		{5214B2D2-FEF6-4C6D-92C4-30821DA6F4B6}.Release|x64.Build.0 = Release|x64
		{5214B2D2-FEF6-4C6D-92C4-30821DA6F4B6}.Release|x86.ActiveCfg = Release|Win32
		{5214B2D2-FEF6-4C6D-92C4-30821DA6F4B6}.Release|x86.Build.0 = Release|Win32
		{056E8E07-1CE6-409F-8BF3-0A4ED95C264D}.Debug|x64.ActiveCfg = Debug|x64
		{056E8E07-1CE6-409F-8BF3-0A4ED95C264D}.Debug|x64.Build.0 = Debug|x64
		{056E8E07-1CE6-409F-8BF3-0A4ED95C264D}.Debug|x86.ActiveCfg = Debug|Win32
		{056E8E07-1CE6-409F-8BF3-0A4ED95C264D}.Debug|x86.Build.0 = Debug|Win32
		{056E8E07-1CE6-409F-8BF3-0A4ED95C264D}.Release|x64.ActiveCfg = Release|x64
		{056E8E07-1CE6-409F-8BF3-0A4ED95C264D}.Release|x64.Build.0 = Release|x64
		{056E8E07-1CE6-409F-8BF3-0A4ED95C264D}.Release|x86.ActiveCfg = Release|Win32
		{056E8E07-1CE6-409F-8BF3-0A4ED95C264D}.Release|x86.Build.0 = Release|Win32
		{217E014D-CFC0-460E-911C-A15850B11DDE}.Debug|x64.ActiveCfg = Debug|x64
		{217E014D-CFC0-460E-911C-A15850B11DDE}.Debug|x64.Build.0 = Debug|x64
		{217E014D-CFC0-460E-911C-A15850B11DDE}.Debug|x86.ActiveCfg = Debug|Win32
		{217E014D-CFC0-460E-911C-A15850B11DDE}.Debug|x86.Build.0 = Debug|Win32
		{217E014D-CFC0-460E-911C-A15850B11DDE}.Release|x64.ActiveCfg = Release|x64
		{217E014D-CFC0-460E-911C-A15850B11DDE}.Release|x64.Build.0 = Release|x64
		{217E014D-CFC0-460E-911C-A15850B11DDE}.Release|x86.ActiveCfg = Release|Win32
		{217E014D-CFC0-460E-911C-A15850B11DDE}.Release|x86.Build.0 = Release|Win32
	EndGlobalSection
	GlobalSection(SolutionProperties) = preSolution
		HideSolutionNode = FALSE
	EndGlobalSection
	GlobalSection(ExtensibilityGlobals) = postSolution
		SolutionGuid = {4AA3E744-BC2D-43D3-A1FD-00676680DA31}
	EndGlobalSection
EndGlobal
